// !$*UTF8*$!
{
	archiveVersion = 1;
	classes = {
	};
	objectVersion = 46;
	objects = {

/* Begin PBXBuildFile section */
		A68BF1901EB54E8700EFF173 /* AppDelegate.swift in Sources */ = {isa = PBXBuildFile; fileRef = A68BF18F1EB54E8700EFF173 /* AppDelegate.swift */; };
		A68BF1921EB54E8700EFF173 /* ViewController.swift in Sources */ = {isa = PBXBuildFile; fileRef = A68BF1911EB54E8700EFF173 /* ViewController.swift */; };
		A68BF1951EB54E8700EFF173 /* redditAppleTV.xcdatamodeld in Sources */ = {isa = PBXBuildFile; fileRef = A68BF1931EB54E8700EFF173 /* redditAppleTV.xcdatamodeld */; };
		A68BF1981EB54E8700EFF173 /* Main.storyboard in Resources */ = {isa = PBXBuildFile; fileRef = A68BF1961EB54E8700EFF173 /* Main.storyboard */; };
		A68BF19A1EB54E8700EFF173 /* Assets.xcassets in Resources */ = {isa = PBXBuildFile; fileRef = A68BF1991EB54E8700EFF173 /* Assets.xcassets */; };
/* End PBXBuildFile section */

/* Begin PBXFileReference section */
		A68BF18C1EB54E8700EFF173 /* redditAppleTV.app */ = {isa = PBXFileReference; explicitFileType = wrapper.application; includeInIndex = 0; path = redditAppleTV.app; sourceTree = BUILT_PRODUCTS_DIR; };
		A68BF18F1EB54E8700EFF173 /* AppDelegate.swift */ = {isa = PBXFileReference; lastKnownFileType = sourcecode.swift; path = AppDelegate.swift; sourceTree = "<group>"; };
		A68BF1911EB54E8700EFF173 /* ViewController.swift */ = {isa = PBXFileReference; lastKnownFileType = sourcecode.swift; path = ViewController.swift; sourceTree = "<group>"; };
		A68BF1941EB54E8700EFF173 /* redditAppleTV.xcdatamodel */ = {isa = PBXFileReference; lastKnownFileType = wrapper.xcdatamodel; path = redditAppleTV.xcdatamodel; sourceTree = "<group>"; };
		A68BF1971EB54E8700EFF173 /* Base */ = {isa = PBXFileReference; lastKnownFileType = file.storyboard; name = Base; path = Base.lproj/Main.storyboard; sourceTree = "<group>"; };
		A68BF1991EB54E8700EFF173 /* Assets.xcassets */ = {isa = PBXFileReference; lastKnownFileType = folder.assetcatalog; path = Assets.xcassets; sourceTree = "<group>"; };
		A68BF19B1EB54E8700EFF173 /* Info.plist */ = {isa = PBXFileReference; lastKnownFileType = text.plist.xml; path = Info.plist; sourceTree = "<group>"; };
/* End PBXFileReference section */

/* Begin PBXFrameworksBuildPhase section */
		A68BF1891EB54E8700EFF173 /* Frameworks */ = {
			isa = PBXFrameworksBuildPhase;
			buildActionMask = 2147483647;
			files = (
			);
			runOnlyForDeploymentPostprocessing = 0;
		};
/* End PBXFrameworksBuildPhase section */

/* Begin PBXGroup section */
		A68BF1831EB54E8700EFF173 = {
			isa = PBXGroup;
			children = (
				A68BF18E1EB54E8700EFF173 /* redditAppleTV */,
				A68BF18D1EB54E8700EFF173 /* Products */,
			);
			sourceTree = "<group>";
		};
		A68BF18D1EB54E8700EFF173 /* Products */ = {
			isa = PBXGroup;
			children = (
				A68BF18C1EB54E8700EFF173 /* redditAppleTV.app */,
			);
			name = Products;
			sourceTree = "<group>";
		};
		A68BF18E1EB54E8700EFF173 /* redditAppleTV */ = {
			isa = PBXGroup;
			children = (
				A68BF18F1EB54E8700EFF173 /* AppDelegate.swift */,
				A68BF1911EB54E8700EFF173 /* ViewController.swift */,
				A68BF1961EB54E8700EFF173 /* Main.storyboard */,
				A68BF1991EB54E8700EFF173 /* Assets.xcassets */,
				A68BF19B1EB54E8700EFF173 /* Info.plist */,
				A68BF1931EB54E8700EFF173 /* redditAppleTV.xcdatamodeld */,
			);
			path = redditAppleTV;
			sourceTree = "<group>";
		};
/* End PBXGroup section */

/* Begin PBXNativeTarget section */
		A68BF18B1EB54E8700EFF173 /* redditAppleTV */ = {
			isa = PBXNativeTarget;
			buildConfigurationList = A68BF19E1EB54E8700EFF173 /* Build configuration list for PBXNativeTarget "redditAppleTV" */;
			buildPhases = (
				A68BF1881EB54E8700EFF173 /* Sources */,
				A68BF1891EB54E8700EFF173 /* Frameworks */,
				A68BF18A1EB54E8700EFF173 /* Resources */,
			);
			buildRules = (
			);
			dependencies = (
			);
			name = redditAppleTV;
			productName = redditAppleTV;
			productReference = A68BF18C1EB54E8700EFF173 /* redditAppleTV.app */;
			productType = "com.apple.product-type.application";
		};
/* End PBXNativeTarget section */

/* Begin PBXProject section */
		A68BF1841EB54E8700EFF173 /* Project object */ = {
			isa = PBXProject;
			attributes = {
				LastSwiftUpdateCheck = 0730;
				LastUpgradeCheck = 0730;
				ORGANIZATIONNAME = redditAppleTV;
				TargetAttributes = {
					A68BF18B1EB54E8700EFF173 = {
						CreatedOnToolsVersion = 7.3.1;
					};
				};
			};
			buildConfigurationList = A68BF1871EB54E8700EFF173 /* Build configuration list for PBXProject "redditAppleTV" */;
			compatibilityVersion = "Xcode 3.2";
			developmentRegion = English;
			hasScannedForEncodings = 0;
			knownRegions = (
				en,
				Base,
			);
			mainGroup = A68BF1831EB54E8700EFF173;
			productRefGroup = A68BF18D1EB54E8700EFF173 /* Products */;
			projectDirPath = "";
			projectRoot = "";
			targets = (
				A68BF18B1EB54E8700EFF173 /* redditAppleTV */,
			);
		};
/* End PBXProject section */

/* Begin PBXResourcesBuildPhase section */
		A68BF18A1EB54E8700EFF173 /* Resources */ = {
			isa = PBXResourcesBuildPhase;
			buildActionMask = 2147483647;
			files = (
				A68BF19A1EB54E8700EFF173 /* Assets.xcassets in Resources */,
				A68BF1981EB54E8700EFF173 /* Main.storyboard in Resources */,
			);
			runOnlyForDeploymentPostprocessing = 0;
		};
/* End PBXResourcesBuildPhase section */

/* Begin PBXSourcesBuildPhase section */
		A68BF1881EB54E8700EFF173 /* Sources */ = {
			isa = PBXSourcesBuildPhase;
			buildActionMask = 2147483647;
			files = (
				A68BF1951EB54E8700EFF173 /* redditAppleTV.xcdatamodeld in Sources */,
				A68BF1921EB54E8700EFF173 /* ViewController.swift in Sources */,
				A68BF1901EB54E8700EFF173 /* AppDelegate.swift in Sources */,
			);
			runOnlyForDeploymentPostprocessing = 0;
		};
/* End PBXSourcesBuildPhase section */

/* Begin PBXVariantGroup section */
		A68BF1961EB54E8700EFF173 /* Main.storyboard */ = {
			isa = PBXVariantGroup;
			children = (
				A68BF1971EB54E8700EFF173 /* Base */,
			);
			name = Main.storyboard;
			sourceTree = "<group>";
		};
/* End PBXVariantGroup section */

/* Begin XCBuildConfiguration section */
		A68BF19C1EB54E8700EFF173 /* Debug */ = {
			isa = XCBuildConfiguration;
			buildSettings = {
				ALWAYS_SEARCH_USER_PATHS = NO;
				CLANG_ANALYZER_NONNULL = YES;
				CLANG_CXX_LANGUAGE_STANDARD = "gnu++0x";
				CLANG_CXX_LIBRARY = "libc++";
				CLANG_ENABLE_MODULES = YES;
				CLANG_ENABLE_OBJC_ARC = YES;
				CLANG_WARN_BOOL_CONVERSION = YES;
				CLANG_WARN_CONSTANT_CONVERSION = YES;
				CLANG_WARN_DIRECT_OBJC_ISA_USAGE = YES_ERROR;
				CLANG_WARN_EMPTY_BODY = YES;
				CLANG_WARN_ENUM_CONVERSION = YES;
				CLANG_WARN_INT_CONVERSION = YES;
				CLANG_WARN_OBJC_ROOT_CLASS = YES_ERROR;
				CLANG_WARN_UNREACHABLE_CODE = YES;
				CLANG_WARN__DUPLICATE_METHOD_MATCH = YES;
				COPY_PHASE_STRIP = NO;
				DEBUG_INFORMATION_FORMAT = dwarf;
				ENABLE_STRICT_OBJC_MSGSEND = YES;
				ENABLE_TESTABILITY = YES;
				GCC_C_LANGUAGE_STANDARD = gnu99;
				GCC_DYNAMIC_NO_PIC = NO;
				GCC_NO_COMMON_BLOCKS = YES;
				GCC_OPTIMIZATION_LEVEL = 0;
				GCC_PREPROCESSOR_DEFINITIONS = (
					"DEBUG=1",
					"$(inherited)",
				);
				GCC_WARN_64_TO_32_BIT_CONVERSION = YES;
				GCC_WARN_ABOUT_RETURN_TYPE = YES_ERROR;
				GCC_WARN_UNDECLARED_SELECTOR = YES;
				GCC_WARN_UNINITIALIZED_AUTOS = YES_AGGRESSIVE;
				GCC_WARN_UNUSED_FUNCTION = YES;
				GCC_WARN_UNUSED_VARIABLE = YES;
				MTL_ENABLE_DEBUG_INFO = YES;
				ONLY_ACTIVE_ARCH = YES;
				SDKROOT = appletvos;
				SWIFT_OPTIMIZATION_LEVEL = "-Onone";
				TARGETED_DEVICE_FAMILY = 3;
				TVOS_DEPLOYMENT_TARGET = 9.2;
			};
			name = Debug;
		};
		A68BF19D1EB54E8700EFF173 /* Release */ = {
			isa = XCBuildConfiguration;
			buildSettings = {
				ALWAYS_SEARCH_USER_PATHS = NO;
				CLANG_ANALYZER_NONNULL = YES;
				CLANG_CXX_LANGUAGE_STANDARD = "gnu++0x";
				CLANG_CXX_LIBRARY = "libc++";
				CLANG_ENABLE_MODULES = YES;
				CLANG_ENABLE_OBJC_ARC = YES;
				CLANG_WARN_BOOL_CONVERSION = YES;
				CLANG_WARN_CONSTANT_CONVERSION = YES;
				CLANG_WARN_DIRECT_OBJC_ISA_USAGE = YES_ERROR;
				CLANG_WARN_EMPTY_BODY = YES;
				CLANG_WARN_ENUM_CONVERSION = YES;
				CLANG_WARN_INT_CONVERSION = YES;
				CLANG_WARN_OBJC_ROOT_CLASS = YES_ERROR;
				CLANG_WARN_UNREACHABLE_CODE = YES;
				CLANG_WARN__DUPLICATE_METHOD_MATCH = YES;
				COPY_PHASE_STRIP = NO;
				DEBUG_INFORMATION_FORMAT = "dwarf-with-dsym";
				ENABLE_NS_ASSERTIONS = NO;
				ENABLE_STRICT_OBJC_MSGSEND = YES;
				GCC_C_LANGUAGE_STANDARD = gnu99;
				GCC_NO_COMMON_BLOCKS = YES;
				GCC_WARN_64_TO_32_BIT_CONVERSION = YES;
				GCC_WARN_ABOUT_RETURN_TYPE = YES_ERROR;
				GCC_WARN_UNDECLARED_SELECTOR = YES;
				GCC_WARN_UNINITIALIZED_AUTOS = YES_AGGRESSIVE;
				GCC_WARN_UNUSED_FUNCTION = YES;
				GCC_WARN_UNUSED_VARIABLE = YES;
				MTL_ENABLE_DEBUG_INFO = NO;
				SDKROOT = appletvos;
				TARGETED_DEVICE_FAMILY = 3;
				TVOS_DEPLOYMENT_TARGET = 9.2;
				VALIDATE_PRODUCT = YES;
			};
			name = Release;
		};
		A68BF19F1EB54E8700EFF173 /* Debug */ = {
			isa = XCBuildConfiguration;
			buildSettings = {
				ASSETCATALOG_COMPILER_APPICON_NAME = "App Icon & Top Shelf Image";
				ASSETCATALOG_COMPILER_LAUNCHIMAGE_NAME = LaunchImage;
				INFOPLIST_FILE = redditAppleTV/Info.plist;
				LD_RUNPATH_SEARCH_PATHS = "$(inherited) @executable_path/Frameworks";
				PRODUCT_BUNDLE_IDENTIFIER = redditAppleTV.redditAppleTV;
				PRODUCT_NAME = "$(TARGET_NAME)";
			};
			name = Debug;
		};
		A68BF1A01EB54E8700EFF173 /* Release */ = {
			isa = XCBuildConfiguration;
			buildSettings = {
				ASSETCATALOG_COMPILER_APPICON_NAME = "App Icon & Top Shelf Image";
				ASSETCATALOG_COMPILER_LAUNCHIMAGE_NAME = LaunchImage;
				INFOPLIST_FILE = redditAppleTV/Info.plist;
				LD_RUNPATH_SEARCH_PATHS = "$(inherited) @executable_path/Frameworks";
				PRODUCT_BUNDLE_IDENTIFIER = redditAppleTV.redditAppleTV;
				PRODUCT_NAME = "$(TARGET_NAME)";
			};
			name = Release;
		};
/* End XCBuildConfiguration section */

/* Begin XCConfigurationList section */
		A68BF1871EB54E8700EFF173 /* Build configuration list for PBXProject "redditAppleTV" */ = {
			isa = XCConfigurationList;
			buildConfigurations = (
				A68BF19C1EB54E8700EFF173 /* Debug */,
				A68BF19D1EB54E8700EFF173 /* Release */,
			);
			defaultConfigurationIsVisible = 0;
			defaultConfigurationName = Release;
		};
		A68BF19E1EB54E8700EFF173 /* Build configuration list for PBXNativeTarget "redditAppleTV" */ = {
			isa = XCConfigurationList;
			buildConfigurations = (
				A68BF19F1EB54E8700EFF173 /* Debug */,
				A68BF1A01EB54E8700EFF173 /* Release */,
			);
			defaultConfigurationIsVisible = 0;
		};
/* End XCConfigurationList section */

/* Begin XCVersionGroup section */
		A68BF1931EB54E8700EFF173 /* redditAppleTV.xcdatamodeld */ = {
			isa = XCVersionGroup;
			children = (
				A68BF1941EB54E8700EFF173 /* redditAppleTV.xcdatamodel */,
			);
			currentVersion = A68BF1941EB54E8700EFF173 /* redditAppleTV.xcdatamodel */;
			path = redditAppleTV.xcdatamodeld;
			sourceTree = "<group>";
			versionGroupType = wrapper.xcdatamodel;
		};
/* End XCVersionGroup section */
	};
	rootObject = A68BF1841EB54E8700EFF173 /* Project object */;
}
